
Microsoft Visual Studio Solution File, Format Version 12.00
# Visual Studio Version 16
VisualStudioVersion = 16.0.31025.194
MinimumVisualStudioVersion = 10.0.40219.1
Project("{FAE04EC0-301F-11D3-BF4B-00C04F79EFBC}") = "Review Carousel", "Review Carousel.csproj", "{D210374F-1475-4F96-B956-0A4072848D07}"
EndProject
Global
	GlobalSection(SolutionConfigurationPlatforms) = preSolution
		Debug|Any CPU = Debug|Any CPU
		Release|Any CPU = Release|Any CPU
	EndGlobalSection
	GlobalSection(ProjectConfigurationPlatforms) = postSolution
		{D210374F-1475-4F96-B956-0A4072848D07}.Debug|Any CPU.ActiveCfg = Debug|Any CPU
		{D210374F-1475-4F96-B956-0A4072848D07}.Debug|Any CPU.Build.0 = Debug|Any CPU
		{D210374F-1475-4F96-B956-0A4072848D07}.Release|Any CPU.ActiveCfg = Release|Any CPU
		{D210374F-1475-4F96-B956-0A4072848D07}.Release|Any CPU.Build.0 = Release|Any CPU
	EndGlobalSection
	GlobalSection(SolutionProperties) = preSolution
		HideSolutionNode = FALSE
	EndGlobalSection
	GlobalSection(ExtensibilityGlobals) = postSolution
		SolutionGuid = {B0AEB710-6D9F-445A-B6D7-E8BB48F3C520}
	EndGlobalSection
EndGlobal
